// !$*UTF8*$!
{
	archiveVersion = 1;
	classes = {
	};
	objectVersion = 46;
	objects = {

/* Begin PBXBuildFile section */
		4CA642051F0917C400B4107B /* AppDelegate.swift in Sources */ = {isa = PBXBuildFile; fileRef = 4CA642041F0917C400B4107B /* AppDelegate.swift */; };
		4CA6420A1F0917C400B4107B /* Main.storyboard in Resources */ = {isa = PBXBuildFile; fileRef = 4CA642081F0917C400B4107B /* Main.storyboard */; };
		4CA6420C1F0917C400B4107B /* Assets.xcassets in Resources */ = {isa = PBXBuildFile; fileRef = 4CA6420B1F0917C400B4107B /* Assets.xcassets */; };
		4CA6420F1F0917C400B4107B /* LaunchScreen.storyboard in Resources */ = {isa = PBXBuildFile; fileRef = 4CA6420D1F0917C400B4107B /* LaunchScreen.storyboard */; };
		4CA642181F0928E700B4107B /* Circle view.swift in Sources */ = {isa = PBXBuildFile; fileRef = 4CA642171F0928E700B4107B /* Circle view.swift */; };
		4CA6421A1F0940EE00B4107B /* ViewController.swift in Sources */ = {isa = PBXBuildFile; fileRef = 4CA642191F0940EE00B4107B /* ViewController.swift */; };
/* End PBXBuildFile section */

/* Begin PBXFileReference section */
		4CA642011F0917C400B4107B /* circle.app */ = {isa = PBXFileReference; explicitFileType = wrapper.application; includeInIndex = 0; path = circle.app; sourceTree = BUILT_PRODUCTS_DIR; };
		4CA642041F0917C400B4107B /* AppDelegate.swift */ = {isa = PBXFileReference; lastKnownFileType = sourcecode.swift; path = AppDelegate.swift; sourceTree = "<group>"; };
		4CA642091F0917C400B4107B /* Base */ = {isa = PBXFileReference; lastKnownFileType = file.storyboard; name = Base; path = Base.lproj/Main.storyboard; sourceTree = "<group>"; };
		4CA6420B1F0917C400B4107B /* Assets.xcassets */ = {isa = PBXFileReference; lastKnownFileType = folder.assetcatalog; path = Assets.xcassets; sourceTree = "<group>"; };
		4CA6420E1F0917C400B4107B /* Base */ = {isa = PBXFileReference; lastKnownFileType = file.storyboard; name = Base; path = Base.lproj/LaunchScreen.storyboard; sourceTree = "<group>"; };
		4CA642101F0917C400B4107B /* Info.plist */ = {isa = PBXFileReference; lastKnownFileType = text.plist.xml; path = Info.plist; sourceTree = "<group>"; };
		4CA642171F0928E700B4107B /* Circle view.swift */ = {isa = PBXFileReference; fileEncoding = 4; lastKnownFileType = sourcecode.swift; path = "Circle view.swift"; sourceTree = "<group>"; };
		4CA642191F0940EE00B4107B /* ViewController.swift */ = {isa = PBXFileReference; fileEncoding = 4; lastKnownFileType = sourcecode.swift; path = ViewController.swift; sourceTree = "<group>"; usesTabs = 1; };
/* End PBXFileReference section */

/* Begin PBXFrameworksBuildPhase section */
		4CA641FE1F0917C400B4107B /* Frameworks */ = {
			isa = PBXFrameworksBuildPhase;
			buildActionMask = 2147483647;
			files = (
			);
			runOnlyForDeploymentPostprocessing = 0;
		};
/* End PBXFrameworksBuildPhase section */

/* Begin PBXGroup section */
		4CA641F81F0917C300B4107B = {
			isa = PBXGroup;
			children = (
				4CA642031F0917C400B4107B /* circle */,
				4CA642021F0917C400B4107B /* Products */,
			);
			sourceTree = "<group>";
		};
		4CA642021F0917C400B4107B /* Products */ = {
			isa = PBXGroup;
			children = (
				4CA642011F0917C400B4107B /* circle.app */,
			);
			name = Products;
			sourceTree = "<group>";
		};
		4CA642031F0917C400B4107B /* circle */ = {
			isa = PBXGroup;
			children = (
				4CA642161F09289D00B4107B /* supporting files */,
				4CA642081F0917C400B4107B /* Main.storyboard */,
				4CA642171F0928E700B4107B /* Circle view.swift */,
				4CA642191F0940EE00B4107B /* ViewController.swift */,
			);
			path = circle;
			sourceTree = "<group>";
		};
		4CA642161F09289D00B4107B /* supporting files */ = {
			isa = PBXGroup;
			children = (
				4CA642041F0917C400B4107B /* AppDelegate.swift */,
				4CA6420B1F0917C400B4107B /* Assets.xcassets */,
				4CA6420D1F0917C400B4107B /* LaunchScreen.storyboard */,
				4CA642101F0917C400B4107B /* Info.plist */,
			);
			name = "supporting files";
			sourceTree = "<group>";
		};
/* End PBXGroup section */

/* Begin PBXNativeTarget section */
		4CA642001F0917C400B4107B /* circle */ = {
			isa = PBXNativeTarget;
			buildConfigurationList = 4CA642131F0917C400B4107B /* Build configuration list for PBXNativeTarget "circle" */;
			buildPhases = (
				4CA641FD1F0917C400B4107B /* Sources */,
				4CA641FE1F0917C400B4107B /* Frameworks */,
				4CA641FF1F0917C400B4107B /* Resources */,
			);
			buildRules = (
			);
			dependencies = (
			);
			name = circle;
			productName = circle;
			productReference = 4CA642011F0917C400B4107B /* circle.app */;
			productType = "com.apple.product-type.application";
		};
/* End PBXNativeTarget section */

/* Begin PBXProject section */
		4CA641F91F0917C300B4107B /* Project object */ = {
			isa = PBXProject;
			attributes = {
				LastSwiftUpdateCheck = 0830;
				LastUpgradeCheck = 0830;
				ORGANIZATIONNAME = "Ishaan ";
				TargetAttributes = {
					4CA642001F0917C400B4107B = {
						CreatedOnToolsVersion = 8.3.2;
						DevelopmentTeam = 5H9A8VDHZW;
						ProvisioningStyle = Automatic;
					};
				};
			};
			buildConfigurationList = 4CA641FC1F0917C300B4107B /* Build configuration list for PBXProject "circle" */;
			compatibilityVersion = "Xcode 3.2";
			developmentRegion = English;
			hasScannedForEncodings = 0;
			knownRegions = (
				en,
				Base,
			);
			mainGroup = 4CA641F81F0917C300B4107B;
			productRefGroup = 4CA642021F0917C400B4107B /* Products */;
			projectDirPath = "";
			projectRoot = "";
			targets = (
				4CA642001F0917C400B4107B /* circle */,
			);
		};
/* End PBXProject section */

/* Begin PBXResourcesBuildPhase section */
		4CA641FF1F0917C400B4107B /* Resources */ = {
			isa = PBXResourcesBuildPhase;
			buildActionMask = 2147483647;
			files = (
				4CA6420F1F0917C400B4107B /* LaunchScreen.storyboard in Resources */,
				4CA6420C1F0917C400B4107B /* Assets.xcassets in Resources */,
				4CA6420A1F0917C400B4107B /* Main.storyboard in Resources */,
			);
			runOnlyForDeploymentPostprocessing = 0;
		};
/* End PBXResourcesBuildPhase section */

/* Begin PBXSourcesBuildPhase section */
		4CA641FD1F0917C400B4107B /* Sources */ = {
			isa = PBXSourcesBuildPhase;
			buildActionMask = 2147483647;
			files = (
				4CA6421A1F0940EE00B4107B /* ViewController.swift in Sources */,
				4CA642181F0928E700B4107B /* Circle view.swift in Sources */,
				4CA642051F0917C400B4107B /* AppDelegate.swift in Sources */,
			);
			runOnlyForDeploymentPostprocessing = 0;
		};
/* End PBXSourcesBuildPhase section */

/* Begin PBXVariantGroup section */
		4CA642081F0917C400B4107B /* Main.storyboard */ = {
			isa = PBXVariantGroup;
			children = (
				4CA642091F0917C400B4107B /* Base */,
			);
			name = Main.storyboard;
			sourceTree = "<group>";
		};
		4CA6420D1F0917C400B4107B /* LaunchScreen.storyboard */ = {
			isa = PBXVariantGroup;
			children = (
				4CA6420E1F0917C400B4107B /* Base */,
			);
			name = LaunchScreen.storyboard;
			sourceTree = "<group>";
		};
/* End PBXVariantGroup section */

/* Begin XCBuildConfiguration section */
		4CA642111F0917C400B4107B /* Debug */ = {
			isa = XCBuildConfiguration;
			buildSettings = {
				ALWAYS_SEARCH_USER_PATHS = NO;
				CLANG_ANALYZER_NONNULL = YES;
				CLANG_ANALYZER_NUMBER_OBJECT_CONVERSION = YES_AGGRESSIVE;
				CLANG_CXX_LANGUAGE_STANDARD = "gnu++0x";
				CLANG_CXX_LIBRARY = "libc++";
				CLANG_ENABLE_MODULES = YES;
				CLANG_ENABLE_OBJC_ARC = YES;
				CLANG_WARN_BOOL_CONVERSION = YES;
				CLANG_WARN_CONSTANT_CONVERSION = YES;
				CLANG_WARN_DIRECT_OBJC_ISA_USAGE = YES_ERROR;
				CLANG_WARN_DOCUMENTATION_COMMENTS = YES;
				CLANG_WARN_EMPTY_BODY = YES;
				CLANG_WARN_ENUM_CONVERSION = YES;
				CLANG_WARN_INFINITE_RECURSION = YES;
				CLANG_WARN_INT_CONVERSION = YES;
				CLANG_WARN_OBJC_ROOT_CLASS = YES_ERROR;
				CLANG_WARN_SUSPICIOUS_MOVE = YES;
				CLANG_WARN_UNREACHABLE_CODE = YES;
				CLANG_WARN__DUPLICATE_METHOD_MATCH = YES;
				"CODE_SIGN_IDENTITY[sdk=iphoneos*]" = "iPhone Developer";
				COPY_PHASE_STRIP = NO;
				DEBUG_INFORMATION_FORMAT = dwarf;
				ENABLE_STRICT_OBJC_MSGSEND = YES;
				ENABLE_TESTABILITY = YES;
				GCC_C_LANGUAGE_STANDARD = gnu99;
				GCC_DYNAMIC_NO_PIC = NO;
				GCC_NO_COMMON_BLOCKS = YES;
				GCC_OPTIMIZATION_LEVEL = 0;
				GCC_PREPROCESSOR_DEFINITIONS = (
					"DEBUG=1",
					"$(inherited)",
				);
				GCC_WARN_64_TO_32_BIT_CONVERSION = YES;
				GCC_WARN_ABOUT_RETURN_TYPE = YES_ERROR;
				GCC_WARN_UNDECLARED_SELECTOR = YES;
				GCC_WARN_UNINITIALIZED_AUTOS = YES_AGGRESSIVE;
				GCC_WARN_UNUSED_FUNCTION = YES;
				GCC_WARN_UNUSED_VARIABLE = YES;
				IPHONEOS_DEPLOYMENT_TARGET = 10.3;
				MTL_ENABLE_DEBUG_INFO = YES;
				ONLY_ACTIVE_ARCH = YES;
				SDKROOT = iphoneos;
				SWIFT_ACTIVE_COMPILATION_CONDITIONS = DEBUG;
				SWIFT_OPTIMIZATION_LEVEL = "-Onone";
				TARGETED_DEVICE_FAMILY = "1,2";
			};
			name = Debug;
		};
		4CA642121F0917C400B4107B /* Release */ = {
			isa = XCBuildConfiguration;
			buildSettings = {
				ALWAYS_SEARCH_USER_PATHS = NO;
				CLANG_ANALYZER_NONNULL = YES;
				CLANG_ANALYZER_NUMBER_OBJECT_CONVERSION = YES_AGGRESSIVE;
				CLANG_CXX_LANGUAGE_STANDARD = "gnu++0x";
				CLANG_CXX_LIBRARY = "libc++";
				CLANG_ENABLE_MODULES = YES;
				CLANG_ENABLE_OBJC_ARC = YES;
				CLANG_WARN_BOOL_CONVERSION = YES;
				CLANG_WARN_CONSTANT_CONVERSION = YES;
				CLANG_WARN_DIRECT_OBJC_ISA_USAGE = YES_ERROR;
				CLANG_WARN_DOCUMENTATION_COMMENTS = YES;
				CLANG_WARN_EMPTY_BODY = YES;
				CLANG_WARN_ENUM_CONVERSION = YES;
				CLANG_WARN_INFINITE_RECURSION = YES;
				CLANG_WARN_INT_CONVERSION = YES;
				CLANG_WARN_OBJC_ROOT_CLASS = YES_ERROR;
				CLANG_WARN_SUSPICIOUS_MOVE = YES;
				CLANG_WARN_UNREACHABLE_CODE = YES;
				CLANG_WARN__DUPLICATE_METHOD_MATCH = YES;
				"CODE_SIGN_IDENTITY[sdk=iphoneos*]" = "iPhone Developer";
				COPY_PHASE_STRIP = NO;
				DEBUG_INFORMATION_FORMAT = "dwarf-with-dsym";
				ENABLE_NS_ASSERTIONS = NO;
				ENABLE_STRICT_OBJC_MSGSEND = YES;
				GCC_C_LANGUAGE_STANDARD = gnu99;
				GCC_NO_COMMON_BLOCKS = YES;
				GCC_WARN_64_TO_32_BIT_CONVERSION = YES;
				GCC_WARN_ABOUT_RETURN_TYPE = YES_ERROR;
				GCC_WARN_UNDECLARED_SELECTOR = YES;
				GCC_WARN_UNINITIALIZED_AUTOS = YES_AGGRESSIVE;
				GCC_WARN_UNUSED_FUNCTION = YES;
				GCC_WARN_UNUSED_VARIABLE = YES;
				IPHONEOS_DEPLOYMENT_TARGET = 10.3;
				MTL_ENABLE_DEBUG_INFO = NO;
				SDKROOT = iphoneos;
				SWIFT_OPTIMIZATION_LEVEL = "-Owholemodule";
				TARGETED_DEVICE_FAMILY = "1,2";
				VALIDATE_PRODUCT = YES;
			};
			name = Release;
		};
		4CA642141F0917C400B4107B /* Debug */ = {
			isa = XCBuildConfiguration;
			buildSettings = {
				ASSETCATALOG_COMPILER_APPICON_NAME = AppIcon;
				DEVELOPMENT_TEAM = 5H9A8VDHZW;
				INFOPLIST_FILE = circle/Info.plist;
				LD_RUNPATH_SEARCH_PATHS = "$(inherited) @executable_path/Frameworks";
				PRODUCT_BUNDLE_IDENTIFIER = IshaanZaveri.circle;
				PRODUCT_NAME = "$(TARGET_NAME)";
				SWIFT_VERSION = 3.0;
			};
			name = Debug;
		};
		4CA642151F0917C400B4107B /* Release */ = {
			isa = XCBuildConfiguration;
			buildSettings = {
				ASSETCATALOG_COMPILER_APPICON_NAME = AppIcon;
				DEVELOPMENT_TEAM = 5H9A8VDHZW;
				INFOPLIST_FILE = circle/Info.plist;
				LD_RUNPATH_SEARCH_PATHS = "$(inherited) @executable_path/Frameworks";
				PRODUCT_BUNDLE_IDENTIFIER = IshaanZaveri.circle;
				PRODUCT_NAME = "$(TARGET_NAME)";
				SWIFT_VERSION = 3.0;
			};
			name = Release;
		};
/* End XCBuildConfiguration section */

/* Begin XCConfigurationList section */
		4CA641FC1F0917C300B4107B /* Build configuration list for PBXProject "circle" */ = {
			isa = XCConfigurationList;
			buildConfigurations = (
				4CA642111F0917C400B4107B /* Debug */,
				4CA642121F0917C400B4107B /* Release */,
			);
			defaultConfigurationIsVisible = 0;
			defaultConfigurationName = Release;
		};
		4CA642131F0917C400B4107B /* Build configuration list for PBXNativeTarget "circle" */ = {
			isa = XCConfigurationList;
			buildConfigurations = (
				4CA642141F0917C400B4107B /* Debug */,
				4CA642151F0917C400B4107B /* Release */,
			);
			defaultConfigurationIsVisible = 0;
			defaultConfigurationName = Release;
		};
/* End XCConfigurationList section */
	};
	rootObject = 4CA641F91F0917C300B4107B /* Project object */;
}
